
Microsoft Visual Studio Solution File, Format Version 12.00
# Visual Studio Version 16
VisualStudioVersion = 16.0.32802.440
MinimumVisualStudioVersion = 10.0.40219.1
Project("{FAE04EC0-301F-11D3-BF4B-00C04F79EFBC}") = "AuthSystemMvc", "AuthSystemMvc\AuthSystemMvc.csproj", "{3A70DC6A-B603-4CCD-B1A5-F5C98FEE0784}"
EndProject
Global
	GlobalSection(SolutionConfigurationPlatforms) = preSolution
		Debug|Any CPU = Debug|Any CPU
		Release|Any CPU = Release|Any CPU
	EndGlobalSection
	GlobalSection(ProjectConfigurationPlatforms) = postSolution
		{3A70DC6A-B603-4CCD-B1A5-F5C98FEE0784}.Debug|Any CPU.ActiveCfg = Debug|Any CPU
		{3A70DC6A-B603-4CCD-B1A5-F5C98FEE0784}.Debug|Any CPU.Build.0 = Debug|Any CPU
		{3A70DC6A-B603-4CCD-B1A5-F5C98FEE0784}.Release|Any CPU.ActiveCfg = Release|Any CPU
		{3A70DC6A-B603-4CCD-B1A5-F5C98FEE0784}.Release|Any CPU.Build.0 = Release|Any CPU
	EndGlobalSection
	GlobalSection(SolutionProperties) = preSolution
		HideSolutionNode = FALSE
	EndGlobalSection
	GlobalSection(ExtensibilityGlobals) = postSolution
		SolutionGuid = {E2030186-6D58-463E-A717-C3A5232263BD}
	EndGlobalSection
EndGlobal
